
Microsoft Visual Studio Solution File, Format Version 12.00
# Visual Studio Version 16
VisualStudioVersion = 16.0.31829.152
MinimumVisualStudioVersion = 10.0.40219.1
Project("{FAE04EC0-301F-11D3-BF4B-00C04F79EFBC}") = "21t", "21t\21t.csproj", "{20DD8AF0-F979-4ECB-8228-ACA78DCF2BA6}"
EndProject
Global
	GlobalSection(SolutionConfigurationPlatforms) = preSolution
		Debug|Any CPU = Debug|Any CPU
		Release|Any CPU = Release|Any CPU
	EndGlobalSection
	GlobalSection(ProjectConfigurationPlatforms) = postSolution
		{20DD8AF0-F979-4ECB-8228-ACA78DCF2BA6}.Debug|Any CPU.ActiveCfg = Debug|Any CPU
		{20DD8AF0-F979-4ECB-8228-ACA78DCF2BA6}.Debug|Any CPU.Build.0 = Debug|Any CPU
		{20DD8AF0-F979-4ECB-8228-ACA78DCF2BA6}.Release|Any CPU.ActiveCfg = Release|Any CPU
		{20DD8AF0-F979-4ECB-8228-ACA78DCF2BA6}.Release|Any CPU.Build.0 = Release|Any CPU
	EndGlobalSection
	GlobalSection(SolutionProperties) = preSolution
		HideSolutionNode = FALSE
	EndGlobalSection
	GlobalSection(ExtensibilityGlobals) = postSolution
		SolutionGuid = {3D547453-1A3F-4540-BA1D-48FDB43EEA04}
	EndGlobalSection
EndGlobal
